
Microsoft Visual Studio Solution File, Format Version 12.00
# Visual Studio Version 17
VisualStudioVersion = 17.3.32728.150
MinimumVisualStudioVersion = 10.0.40219.1
Project("{8BC9CEB8-8B4A-11D0-8D11-00A0C91BC942}") = "NumericOverflow", "NumericOverflow.vcxproj", "{75FD4D5F-347B-441A-BC40-0C62853E9527}"
EndProject
Global
	GlobalSection(SolutionConfigurationPlatforms) = preSolution
		Debug|x64 = Debug|x64
		Debug|x86 = Debug|x86
		Release|x64 = Release|x64
		Release|x86 = Release|x86
	EndGlobalSection
	GlobalSection(ProjectConfigurationPlatforms) = postSolution
		{75FD4D5F-347B-441A-BC40-0C62853E9527}.Debug|x64.ActiveCfg = Debug|x64
		{75FD4D5F-347B-441A-BC40-0C62853E9527}.Debug|x64.Build.0 = Debug|x64
		{75FD4D5F-347B-441A-BC40-0C62853E9527}.Debug|x86.ActiveCfg = Debug|Win32
		{75FD4D5F-347B-441A-BC40-0C62853E9527}.Debug|x86.Build.0 = Debug|Win32
		{75FD4D5F-347B-441A-BC40-0C62853E9527}.Release|x64.ActiveCfg = Release|x64
		{75FD4D5F-347B-441A-BC40-0C62853E9527}.Release|x64.Build.0 = Release|x64
		{75FD4D5F-347B-441A-BC40-0C62853E9527}.Release|x86.ActiveCfg = Release|Win32
		{75FD4D5F-347B-441A-BC40-0C62853E9527}.Release|x86.Build.0 = Release|Win32
	EndGlobalSection
	GlobalSection(SolutionProperties) = preSolution
		HideSolutionNode = FALSE
	EndGlobalSection
	GlobalSection(ExtensibilityGlobals) = postSolution
		SolutionGuid = {0E17CFF2-1019-4358-9387-E0B5B77D73ED}
	EndGlobalSection
EndGlobal
